// !$*UTF8*$!
{
	archiveVersion = 1;
	classes = {
	};
	objectVersion = 50;
	objects = {

/* Begin PBXBuildFile section */
		170E1F60234F51F300003103 /* SlideInTransition.swift in Sources */ = {isa = PBXBuildFile; fileRef = 170E1F5F234F51F300003103 /* SlideInTransition.swift */; };
		170E1F62234F521E00003103 /* MenuTableViewController.swift in Sources */ = {isa = PBXBuildFile; fileRef = 170E1F61234F521E00003103 /* MenuTableViewController.swift */; };
		170E1F68234F673E00003103 /* ListViewController.swift in Sources */ = {isa = PBXBuildFile; fileRef = 170E1F67234F673E00003103 /* ListViewController.swift */; };
		170E1F6A234F674C00003103 /* SettingsViewController.swift in Sources */ = {isa = PBXBuildFile; fileRef = 170E1F69234F674C00003103 /* SettingsViewController.swift */; };
		170E1F6C234F709400003103 /* iPad.storyboard in Resources */ = {isa = PBXBuildFile; fileRef = 170E1F6B234F709400003103 /* iPad.storyboard */; };
		17619F4A2350FF8300840076 /* SplitViewController.swift in Sources */ = {isa = PBXBuildFile; fileRef = 17619F492350FF8300840076 /* SplitViewController.swift */; };
		17619F4C23520B1700840076 /* HeroesCollectionViewCell.swift in Sources */ = {isa = PBXBuildFile; fileRef = 17619F4B23520B1700840076 /* HeroesCollectionViewCell.swift */; };
		17A5D88D234CE56A00F7DC5A /* CustomCell.swift in Sources */ = {isa = PBXBuildFile; fileRef = 17A5D88C234CE56A00F7DC5A /* CustomCell.swift */; };
		17A5D88F234CE6B900F7DC5A /* Data.swift in Sources */ = {isa = PBXBuildFile; fileRef = 17A5D88E234CE6B900F7DC5A /* Data.swift */; };
		17E013E1234CCF1D0034C68B /* AppDelegate.swift in Sources */ = {isa = PBXBuildFile; fileRef = 17E013E0234CCF1D0034C68B /* AppDelegate.swift */; };
		17E013E3234CCF1D0034C68B /* HeroesViewController.swift in Sources */ = {isa = PBXBuildFile; fileRef = 17E013E2234CCF1D0034C68B /* HeroesViewController.swift */; };
		17E013E6234CCF1D0034C68B /* iPhone.storyboard in Resources */ = {isa = PBXBuildFile; fileRef = 17E013E4234CCF1D0034C68B /* iPhone.storyboard */; };
		17E013E8234CCF1E0034C68B /* Assets.xcassets in Resources */ = {isa = PBXBuildFile; fileRef = 17E013E7234CCF1E0034C68B /* Assets.xcassets */; };
		17E013EB234CCF1E0034C68B /* LaunchScreen.storyboard in Resources */ = {isa = PBXBuildFile; fileRef = 17E013E9234CCF1E0034C68B /* LaunchScreen.storyboard */; };
		17E013F3234CD2200034C68B /* JSON.swift in Sources */ = {isa = PBXBuildFile; fileRef = 17E013F2234CD2200034C68B /* JSON.swift */; };
		17F02B68234E05CD001BA3FE /* DetailViewController.swift in Sources */ = {isa = PBXBuildFile; fileRef = 17F02B67234E05CD001BA3FE /* DetailViewController.swift */; };
/* End PBXBuildFile section */

/* Begin PBXFileReference section */
		170E1F5F234F51F300003103 /* SlideInTransition.swift */ = {isa = PBXFileReference; lastKnownFileType = sourcecode.swift; path = SlideInTransition.swift; sourceTree = "<group>"; };
		170E1F61234F521E00003103 /* MenuTableViewController.swift */ = {isa = PBXFileReference; lastKnownFileType = sourcecode.swift; path = MenuTableViewController.swift; sourceTree = "<group>"; };
		170E1F67234F673E00003103 /* ListViewController.swift */ = {isa = PBXFileReference; lastKnownFileType = sourcecode.swift; path = ListViewController.swift; sourceTree = "<group>"; };
		170E1F69234F674C00003103 /* SettingsViewController.swift */ = {isa = PBXFileReference; lastKnownFileType = sourcecode.swift; path = SettingsViewController.swift; sourceTree = "<group>"; };
		170E1F6B234F709400003103 /* iPad.storyboard */ = {isa = PBXFileReference; lastKnownFileType = file.storyboard; path = iPad.storyboard; sourceTree = "<group>"; };
		17619F492350FF8300840076 /* SplitViewController.swift */ = {isa = PBXFileReference; lastKnownFileType = sourcecode.swift; path = SplitViewController.swift; sourceTree = "<group>"; };
		17619F4B23520B1700840076 /* HeroesCollectionViewCell.swift */ = {isa = PBXFileReference; lastKnownFileType = sourcecode.swift; path = HeroesCollectionViewCell.swift; sourceTree = "<group>"; };
		17A5D88C234CE56A00F7DC5A /* CustomCell.swift */ = {isa = PBXFileReference; lastKnownFileType = sourcecode.swift; path = CustomCell.swift; sourceTree = "<group>"; };
		17A5D88E234CE6B900F7DC5A /* Data.swift */ = {isa = PBXFileReference; lastKnownFileType = sourcecode.swift; path = Data.swift; sourceTree = "<group>"; };
		17E013DD234CCF1D0034C68B /* TestPrjAttract.app */ = {isa = PBXFileReference; explicitFileType = wrapper.application; includeInIndex = 0; path = TestPrjAttract.app; sourceTree = BUILT_PRODUCTS_DIR; };
		17E013E0234CCF1D0034C68B /* AppDelegate.swift */ = {isa = PBXFileReference; lastKnownFileType = sourcecode.swift; path = AppDelegate.swift; sourceTree = "<group>"; };
		17E013E2234CCF1D0034C68B /* HeroesViewController.swift */ = {isa = PBXFileReference; lastKnownFileType = sourcecode.swift; path = HeroesViewController.swift; sourceTree = "<group>"; };
		17E013E5234CCF1D0034C68B /* Base */ = {isa = PBXFileReference; lastKnownFileType = file.storyboard; name = Base; path = Base.lproj/iPhone.storyboard; sourceTree = "<group>"; };
		17E013E7234CCF1E0034C68B /* Assets.xcassets */ = {isa = PBXFileReference; lastKnownFileType = folder.assetcatalog; path = Assets.xcassets; sourceTree = "<group>"; };
		17E013EA234CCF1E0034C68B /* Base */ = {isa = PBXFileReference; lastKnownFileType = file.storyboard; name = Base; path = Base.lproj/LaunchScreen.storyboard; sourceTree = "<group>"; };
		17E013EC234CCF1E0034C68B /* Info.plist */ = {isa = PBXFileReference; lastKnownFileType = text.plist.xml; path = Info.plist; sourceTree = "<group>"; };
		17E013F2234CD2200034C68B /* JSON.swift */ = {isa = PBXFileReference; lastKnownFileType = sourcecode.swift; path = JSON.swift; sourceTree = "<group>"; };
		17F02B67234E05CD001BA3FE /* DetailViewController.swift */ = {isa = PBXFileReference; lastKnownFileType = sourcecode.swift; path = DetailViewController.swift; sourceTree = "<group>"; };
/* End PBXFileReference section */

/* Begin PBXFrameworksBuildPhase section */
		17E013DA234CCF1D0034C68B /* Frameworks */ = {
			isa = PBXFrameworksBuildPhase;
			buildActionMask = 2147483647;
			files = (
			);
			runOnlyForDeploymentPostprocessing = 0;
		};
/* End PBXFrameworksBuildPhase section */

/* Begin PBXGroup section */
		170E1F63234F54DF00003103 /* Controllers */ = {
			isa = PBXGroup;
			children = (
				17E013E2234CCF1D0034C68B /* HeroesViewController.swift */,
				17619F4B23520B1700840076 /* HeroesCollectionViewCell.swift */,
				170E1F5F234F51F300003103 /* SlideInTransition.swift */,
				170E1F61234F521E00003103 /* MenuTableViewController.swift */,
				17F02B67234E05CD001BA3FE /* DetailViewController.swift */,
				170E1F69234F674C00003103 /* SettingsViewController.swift */,
				170E1F67234F673E00003103 /* ListViewController.swift */,
				17619F492350FF8300840076 /* SplitViewController.swift */,
			);
			path = Controllers;
			sourceTree = "<group>";
		};
		170E1F65234F551800003103 /* Model */ = {
			isa = PBXGroup;
			children = (
				17A5D88E234CE6B900F7DC5A /* Data.swift */,
			);
			path = Model;
			sourceTree = "<group>";
		};
		170E1F66234F553200003103 /* View */ = {
			isa = PBXGroup;
			children = (
				17A5D88C234CE56A00F7DC5A /* CustomCell.swift */,
			);
			path = View;
			sourceTree = "<group>";
		};
		17E013D4234CCF1D0034C68B = {
			isa = PBXGroup;
			children = (
				17E013DF234CCF1D0034C68B /* TestPrjAttract */,
				17E013DE234CCF1D0034C68B /* Products */,
			);
			sourceTree = "<group>";
		};
		17E013DE234CCF1D0034C68B /* Products */ = {
			isa = PBXGroup;
			children = (
				17E013DD234CCF1D0034C68B /* TestPrjAttract.app */,
			);
			name = Products;
			sourceTree = "<group>";
		};
		17E013DF234CCF1D0034C68B /* TestPrjAttract */ = {
			isa = PBXGroup;
			children = (
				17E013E0234CCF1D0034C68B /* AppDelegate.swift */,
				170E1F63234F54DF00003103 /* Controllers */,
				170E1F65234F551800003103 /* Model */,
				170E1F66234F553200003103 /* View */,
				17E013F2234CD2200034C68B /* JSON.swift */,
				17E013E4234CCF1D0034C68B /* iPhone.storyboard */,
				170E1F6B234F709400003103 /* iPad.storyboard */,
				17E013E7234CCF1E0034C68B /* Assets.xcassets */,
				17E013E9234CCF1E0034C68B /* LaunchScreen.storyboard */,
				17E013EC234CCF1E0034C68B /* Info.plist */,
			);
			path = TestPrjAttract;
			sourceTree = "<group>";
		};
/* End PBXGroup section */

/* Begin PBXNativeTarget section */
		17E013DC234CCF1D0034C68B /* TestPrjAttract */ = {
			isa = PBXNativeTarget;
			buildConfigurationList = 17E013EF234CCF1E0034C68B /* Build configuration list for PBXNativeTarget "TestPrjAttract" */;
			buildPhases = (
				17E013D9234CCF1D0034C68B /* Sources */,
				17E013DA234CCF1D0034C68B /* Frameworks */,
				17E013DB234CCF1D0034C68B /* Resources */,
			);
			buildRules = (
			);
			dependencies = (
			);
			name = TestPrjAttract;
			productName = TestPrjAttract;
			productReference = 17E013DD234CCF1D0034C68B /* TestPrjAttract.app */;
			productType = "com.apple.product-type.application";
		};
/* End PBXNativeTarget section */

/* Begin PBXProject section */
		17E013D5234CCF1D0034C68B /* Project object */ = {
			isa = PBXProject;
			attributes = {
				LastSwiftUpdateCheck = 1010;
				LastUpgradeCheck = 1010;
				ORGANIZATIONNAME = "Надежда Возна";
				TargetAttributes = {
					17E013DC234CCF1D0034C68B = {
						CreatedOnToolsVersion = 10.1;
						LastSwiftMigration = 1010;
					};
				};
			};
			buildConfigurationList = 17E013D8234CCF1D0034C68B /* Build configuration list for PBXProject "TestPrjAttract" */;
			compatibilityVersion = "Xcode 9.3";
			developmentRegion = en;
			hasScannedForEncodings = 0;
			knownRegions = (
				en,
				Base,
			);
			mainGroup = 17E013D4234CCF1D0034C68B;
			productRefGroup = 17E013DE234CCF1D0034C68B /* Products */;
			projectDirPath = "";
			projectRoot = "";
			targets = (
				17E013DC234CCF1D0034C68B /* TestPrjAttract */,
			);
		};
/* End PBXProject section */

/* Begin PBXResourcesBuildPhase section */
		17E013DB234CCF1D0034C68B /* Resources */ = {
			isa = PBXResourcesBuildPhase;
			buildActionMask = 2147483647;
			files = (
				170E1F6C234F709400003103 /* iPad.storyboard in Resources */,
				17E013EB234CCF1E0034C68B /* LaunchScreen.storyboard in Resources */,
				17E013E8234CCF1E0034C68B /* Assets.xcassets in Resources */,
				17E013E6234CCF1D0034C68B /* iPhone.storyboard in Resources */,
			);
			runOnlyForDeploymentPostprocessing = 0;
		};
/* End PBXResourcesBuildPhase section */

/* Begin PBXSourcesBuildPhase section */
		17E013D9234CCF1D0034C68B /* Sources */ = {
			isa = PBXSourcesBuildPhase;
			buildActionMask = 2147483647;
			files = (
				17E013F3234CD2200034C68B /* JSON.swift in Sources */,
				17A5D88F234CE6B900F7DC5A /* Data.swift in Sources */,
				17619F4C23520B1700840076 /* HeroesCollectionViewCell.swift in Sources */,
				17619F4A2350FF8300840076 /* SplitViewController.swift in Sources */,
				170E1F6A234F674C00003103 /* SettingsViewController.swift in Sources */,
				17E013E3234CCF1D0034C68B /* HeroesViewController.swift in Sources */,
				17F02B68234E05CD001BA3FE /* DetailViewController.swift in Sources */,
				170E1F62234F521E00003103 /* MenuTableViewController.swift in Sources */,
				170E1F60234F51F300003103 /* SlideInTransition.swift in Sources */,
				17A5D88D234CE56A00F7DC5A /* CustomCell.swift in Sources */,
				170E1F68234F673E00003103 /* ListViewController.swift in Sources */,
				17E013E1234CCF1D0034C68B /* AppDelegate.swift in Sources */,
			);
			runOnlyForDeploymentPostprocessing = 0;
		};
/* End PBXSourcesBuildPhase section */

/* Begin PBXVariantGroup section */
		17E013E4234CCF1D0034C68B /* iPhone.storyboard */ = {
			isa = PBXVariantGroup;
			children = (
				17E013E5234CCF1D0034C68B /* Base */,
			);
			name = iPhone.storyboard;
			sourceTree = "<group>";
		};
		17E013E9234CCF1E0034C68B /* LaunchScreen.storyboard */ = {
			isa = PBXVariantGroup;
			children = (
				17E013EA234CCF1E0034C68B /* Base */,
			);
			name = LaunchScreen.storyboard;
			sourceTree = "<group>";
		};
/* End PBXVariantGroup section */

/* Begin XCBuildConfiguration section */
		17E013ED234CCF1E0034C68B /* Debug */ = {
			isa = XCBuildConfiguration;
			buildSettings = {
				ALWAYS_SEARCH_USER_PATHS = NO;
				CLANG_ANALYZER_NONNULL = YES;
				CLANG_ANALYZER_NUMBER_OBJECT_CONVERSION = YES_AGGRESSIVE;
				CLANG_CXX_LANGUAGE_STANDARD = "gnu++14";
				CLANG_CXX_LIBRARY = "libc++";
				CLANG_ENABLE_MODULES = YES;
				CLANG_ENABLE_OBJC_ARC = YES;
				CLANG_ENABLE_OBJC_WEAK = YES;
				CLANG_WARN_BLOCK_CAPTURE_AUTORELEASING = YES;
				CLANG_WARN_BOOL_CONVERSION = YES;
				CLANG_WARN_COMMA = YES;
				CLANG_WARN_CONSTANT_CONVERSION = YES;
				CLANG_WARN_DEPRECATED_OBJC_IMPLEMENTATIONS = YES;
				CLANG_WARN_DIRECT_OBJC_ISA_USAGE = YES_ERROR;
				CLANG_WARN_DOCUMENTATION_COMMENTS = YES;
				CLANG_WARN_EMPTY_BODY = YES;
				CLANG_WARN_ENUM_CONVERSION = YES;
				CLANG_WARN_INFINITE_RECURSION = YES;
				CLANG_WARN_INT_CONVERSION = YES;
				CLANG_WARN_NON_LITERAL_NULL_CONVERSION = YES;
				CLANG_WARN_OBJC_IMPLICIT_RETAIN_SELF = YES;
				CLANG_WARN_OBJC_LITERAL_CONVERSION = YES;
				CLANG_WARN_OBJC_ROOT_CLASS = YES_ERROR;
				CLANG_WARN_RANGE_LOOP_ANALYSIS = YES;
				CLANG_WARN_STRICT_PROTOTYPES = YES;
				CLANG_WARN_SUSPICIOUS_MOVE = YES;
				CLANG_WARN_UNGUARDED_AVAILABILITY = YES_AGGRESSIVE;
				CLANG_WARN_UNREACHABLE_CODE = YES;
				CLANG_WARN__DUPLICATE_METHOD_MATCH = YES;
				CODE_SIGN_IDENTITY = "iPhone Developer";
				COPY_PHASE_STRIP = NO;
				DEBUG_INFORMATION_FORMAT = dwarf;
				ENABLE_STRICT_OBJC_MSGSEND = YES;
				ENABLE_TESTABILITY = YES;
				GCC_C_LANGUAGE_STANDARD = gnu11;
				GCC_DYNAMIC_NO_PIC = NO;
				GCC_NO_COMMON_BLOCKS = YES;
				GCC_OPTIMIZATION_LEVEL = 0;
				GCC_PREPROCESSOR_DEFINITIONS = (
					"DEBUG=1",
					"$(inherited)",
				);
				GCC_WARN_64_TO_32_BIT_CONVERSION = YES;
				GCC_WARN_ABOUT_RETURN_TYPE = YES_ERROR;
				GCC_WARN_UNDECLARED_SELECTOR = YES;
				GCC_WARN_UNINITIALIZED_AUTOS = YES_AGGRESSIVE;
				GCC_WARN_UNUSED_FUNCTION = YES;
				GCC_WARN_UNUSED_VARIABLE = YES;
				IPHONEOS_DEPLOYMENT_TARGET = 12.1;
				MTL_ENABLE_DEBUG_INFO = INCLUDE_SOURCE;
				MTL_FAST_MATH = YES;
				ONLY_ACTIVE_ARCH = YES;
				SDKROOT = iphoneos;
				SWIFT_ACTIVE_COMPILATION_CONDITIONS = DEBUG;
				SWIFT_OPTIMIZATION_LEVEL = "-Onone";
			};
			name = Debug;
		};
		17E013EE234CCF1E0034C68B /* Release */ = {
			isa = XCBuildConfiguration;
			buildSettings = {
				ALWAYS_SEARCH_USER_PATHS = NO;
				CLANG_ANALYZER_NONNULL = YES;
				CLANG_ANALYZER_NUMBER_OBJECT_CONVERSION = YES_AGGRESSIVE;
				CLANG_CXX_LANGUAGE_STANDARD = "gnu++14";
				CLANG_CXX_LIBRARY = "libc++";
				CLANG_ENABLE_MODULES = YES;
				CLANG_ENABLE_OBJC_ARC = YES;
				CLANG_ENABLE_OBJC_WEAK = YES;
				CLANG_WARN_BLOCK_CAPTURE_AUTORELEASING = YES;
				CLANG_WARN_BOOL_CONVERSION = YES;
				CLANG_WARN_COMMA = YES;
				CLANG_WARN_CONSTANT_CONVERSION = YES;
				CLANG_WARN_DEPRECATED_OBJC_IMPLEMENTATIONS = YES;
				CLANG_WARN_DIRECT_OBJC_ISA_USAGE = YES_ERROR;
				CLANG_WARN_DOCUMENTATION_COMMENTS = YES;
				CLANG_WARN_EMPTY_BODY = YES;
				CLANG_WARN_ENUM_CONVERSION = YES;
				CLANG_WARN_INFINITE_RECURSION = YES;
				CLANG_WARN_INT_CONVERSION = YES;
				CLANG_WARN_NON_LITERAL_NULL_CONVERSION = YES;
				CLANG_WARN_OBJC_IMPLICIT_RETAIN_SELF = YES;
				CLANG_WARN_OBJC_LITERAL_CONVERSION = YES;
				CLANG_WARN_OBJC_ROOT_CLASS = YES_ERROR;
				CLANG_WARN_RANGE_LOOP_ANALYSIS = YES;
				CLANG_WARN_STRICT_PROTOTYPES = YES;
				CLANG_WARN_SUSPICIOUS_MOVE = YES;
				CLANG_WARN_UNGUARDED_AVAILABILITY = YES_AGGRESSIVE;
				CLANG_WARN_UNREACHABLE_CODE = YES;
				CLANG_WARN__DUPLICATE_METHOD_MATCH = YES;
				CODE_SIGN_IDENTITY = "iPhone Developer";
				COPY_PHASE_STRIP = NO;
				DEBUG_INFORMATION_FORMAT = "dwarf-with-dsym";
				ENABLE_NS_ASSERTIONS = NO;
				ENABLE_STRICT_OBJC_MSGSEND = YES;
				GCC_C_LANGUAGE_STANDARD = gnu11;
				GCC_NO_COMMON_BLOCKS = YES;
				GCC_WARN_64_TO_32_BIT_CONVERSION = YES;
				GCC_WARN_ABOUT_RETURN_TYPE = YES_ERROR;
				GCC_WARN_UNDECLARED_SELECTOR = YES;
				GCC_WARN_UNINITIALIZED_AUTOS = YES_AGGRESSIVE;
				GCC_WARN_UNUSED_FUNCTION = YES;
				GCC_WARN_UNUSED_VARIABLE = YES;
				IPHONEOS_DEPLOYMENT_TARGET = 12.1;
				MTL_ENABLE_DEBUG_INFO = NO;
				MTL_FAST_MATH = YES;
				SDKROOT = iphoneos;
				SWIFT_COMPILATION_MODE = wholemodule;
				SWIFT_OPTIMIZATION_LEVEL = "-O";
				VALIDATE_PRODUCT = YES;
			};
			name = Release;
		};
		17E013F0234CCF1E0034C68B /* Debug */ = {
			isa = XCBuildConfiguration;
			buildSettings = {
				ASSETCATALOG_COMPILER_APPICON_NAME = AppIcon;
				CODE_SIGN_STYLE = Automatic;
				DEVELOPMENT_TEAM = 9SR6C9RNX9;
				INFOPLIST_FILE = TestPrjAttract/Info.plist;
				IPHONEOS_DEPLOYMENT_TARGET = 11.0;
				LD_RUNPATH_SEARCH_PATHS = (
					"$(inherited)",
					"@executable_path/Frameworks",
				);
				PRODUCT_BUNDLE_IDENTIFIER = com.iHope.TestPrjAttract;
				PRODUCT_NAME = "$(TARGET_NAME)";
				SWIFT_SWIFT3_OBJC_INFERENCE = Default;
				SWIFT_VERSION = 4.2;
				TARGETED_DEVICE_FAMILY = "1,2";
			};
			name = Debug;
		};
		17E013F1234CCF1E0034C68B /* Release */ = {
			isa = XCBuildConfiguration;
			buildSettings = {
				ASSETCATALOG_COMPILER_APPICON_NAME = AppIcon;
				CODE_SIGN_STYLE = Automatic;
				DEVELOPMENT_TEAM = 9SR6C9RNX9;
				INFOPLIST_FILE = TestPrjAttract/Info.plist;
				IPHONEOS_DEPLOYMENT_TARGET = 11.0;
				LD_RUNPATH_SEARCH_PATHS = (
					"$(inherited)",
					"@executable_path/Frameworks",
				);
				PRODUCT_BUNDLE_IDENTIFIER = com.iHope.TestPrjAttract;
				PRODUCT_NAME = "$(TARGET_NAME)";
				SWIFT_SWIFT3_OBJC_INFERENCE = Default;
				SWIFT_VERSION = 4.2;
				TARGETED_DEVICE_FAMILY = "1,2";
			};
			name = Release;
		};
/* End XCBuildConfiguration section */

/* Begin XCConfigurationList section */
		17E013D8234CCF1D0034C68B /* Build configuration list for PBXProject "TestPrjAttract" */ = {
			isa = XCConfigurationList;
			buildConfigurations = (
				17E013ED234CCF1E0034C68B /* Debug */,
				17E013EE234CCF1E0034C68B /* Release */,
			);
			defaultConfigurationIsVisible = 0;
			defaultConfigurationName = Release;
		};
		17E013EF234CCF1E0034C68B /* Build configuration list for PBXNativeTarget "TestPrjAttract" */ = {
			isa = XCConfigurationList;
			buildConfigurations = (
				17E013F0234CCF1E0034C68B /* Debug */,
				17E013F1234CCF1E0034C68B /* Release */,
			);
			defaultConfigurationIsVisible = 0;
			defaultConfigurationName = Release;
		};
/* End XCConfigurationList section */
	};
	rootObject = 17E013D5234CCF1D0034C68B /* Project object */;
}
